<Project xmlns="http://schemas.microsoft.com/developer/msbuild/2003">
    <PropertyGroup>
        <ProjectGuid>{11F4B1E4-01B6-4C97-9FEF-E29E75708DC3}</ProjectGuid>
        <MainSource>PreVenda.dpr</MainSource>
        <Base>True</Base>
        <Config Condition="'$(Config)'==''">Debug</Config>
        <TargetedPlatforms>1</TargetedPlatforms>
        <AppType>Application</AppType>
        <FrameworkType>VCL</FrameworkType>
        <ProjectVersion>18.6</ProjectVersion>
        <Platform Condition="'$(Platform)'==''">Win32</Platform>
    </PropertyGroup>
    <PropertyGroup Condition="'$(Config)'=='Base' or '$(Base)'!=''">
        <Base>true</Base>
    </PropertyGroup>
    <PropertyGroup Condition="('$(Platform)'=='Win32' and '$(Base)'=='true') or '$(Base_Win32)'!=''">
        <Base_Win32>true</Base_Win32>
        <CfgParent>Base</CfgParent>
        <Base>true</Base>
    </PropertyGroup>
    <PropertyGroup Condition="'$(Config)'=='Release' or '$(Cfg_1)'!=''">
        <Cfg_1>true</Cfg_1>
        <CfgParent>Base</CfgParent>
        <Base>true</Base>
    </PropertyGroup>
    <PropertyGroup Condition="'$(Config)'=='Debug' or '$(Cfg_2)'!=''">
        <Cfg_2>true</Cfg_2>
        <CfgParent>Base</CfgParent>
        <Base>true</Base>
    </PropertyGroup>
    <PropertyGroup Condition="('$(Platform)'=='Win32' and '$(Cfg_2)'=='true') or '$(Cfg_2_Win32)'!=''">
        <Cfg_2_Win32>true</Cfg_2_Win32>
        <CfgParent>Cfg_2</CfgParent>
        <Cfg_2>true</Cfg_2>
        <Base>true</Base>
    </PropertyGroup>
    <PropertyGroup Condition="'$(Base)'!=''">
        <SanitizedProjectName>PreVenda</SanitizedProjectName>
        <DCC_WriteableConstants>true</DCC_WriteableConstants>
        <VerInfo_AutoGenVersion>true</VerInfo_AutoGenVersion>
        <DCC_ImageBase>00400000</DCC_ImageBase>
        <DCC_K>false</DCC_K>
        <DCC_UNSAFE_CODE>true</DCC_UNSAFE_CODE>
        <DCC_UNSAFE_CAST>true</DCC_UNSAFE_CAST>
        <DCC_SymbolReferenceInfo>1</DCC_SymbolReferenceInfo>
        <DCC_ExeOutput>C:\Teste\_Atacado_Varejo</DCC_ExeOutput>
        <DCC_N>true</DCC_N>
        <DCC_Namespace>Vcl;Vcl.Imaging;Vcl.Touch;Vcl.Samples;Vcl.Shell;System;Xml;Data;Datasnap;Web;Soap;Winapi;Bde;Data.Win;System.Win;Xml.Win;$(DCC_Namespace)</DCC_Namespace>
        <VerInfo_Locale>1046</VerInfo_Locale>
        <DCC_E>false</DCC_E>
        <DCC_S>false</DCC_S>
        <VerInfo_IncludeVerInfo>true</VerInfo_IncludeVerInfo>
        <VerInfo_Keys>CompanyName=;FileDescription=;FileVersion=1.0.0.27;InternalName=4;LegalCopyright=;LegalTrademarks=;OriginalFilename=;ProductName=;ProductVersion=1.0.0.0;Comments=</VerInfo_Keys>
        <DCC_UsePackage>VCL50;VCLX50;VCLSMP50;VCLDB50;VCLADO50;ibevnt50;VCLBDE50;VCLDBX50;QRPT50;TEEUI50;TEEDB50;TEE50;DSS50;TEEQR50;VCLIB50;VCLMID50;VCLIE50;INETDB50;INET50;NMFAST50;WEBMID50;dclocx50;dclaxserver50;$(DCC_UsePackage)</DCC_UsePackage>
        <DCC_F>false</DCC_F>
        <VerInfo_Build>27</VerInfo_Build>
        <DCC_UNSAFE_TYPE>true</DCC_UNSAFE_TYPE>
    </PropertyGroup>
    <PropertyGroup Condition="'$(Base_Win32)'!=''">
        <UWP_DelphiLogo150>$(BDS)\bin\Artwork\Windows\UWP\delphi_UwpDefault_150.png</UWP_DelphiLogo150>
        <UWP_DelphiLogo44>$(BDS)\bin\Artwork\Windows\UWP\delphi_UwpDefault_44.png</UWP_DelphiLogo44>
        <AppEnableRuntimeThemes>true</AppEnableRuntimeThemes>
        <VerInfo_Keys>CompanyName=;FileVersion=1.0.0.0;InternalName=;LegalCopyright=;LegalTrademarks=;OriginalFilename=;ProductVersion=1.0.0.0;Comments=;ProgramID=com.embarcadero.$(ModuleName);FileDescription=$(ModuleName);ProductName=$(ModuleName)</VerInfo_Keys>
        <DCC_Namespace>Datasnap.Win;Web.Win;Soap.Win;$(DCC_Namespace)</DCC_Namespace>
        <Manifest_File>$(BDS)\bin\default_app.manifest</Manifest_File>
        <Icon_MainIcon>PreVenda_Icon.ico</Icon_MainIcon>
        <VerInfo_IncludeVerInfo>true</VerInfo_IncludeVerInfo>
        <VerInfo_Locale>1033</VerInfo_Locale>
    </PropertyGroup>
    <PropertyGroup Condition="'$(Cfg_1)'!=''">
        <DCC_LocalDebugSymbols>false</DCC_LocalDebugSymbols>
        <DCC_SymbolReferenceInfo>0</DCC_SymbolReferenceInfo>
        <DCC_Define>RELEASE;$(DCC_Define)</DCC_Define>
        <DCC_DebugInformation>0</DCC_DebugInformation>
    </PropertyGroup>
    <PropertyGroup Condition="'$(Cfg_2)'!=''">
        <DCC_GenerateStackFrames>true</DCC_GenerateStackFrames>
        <DCC_Optimize>false</DCC_Optimize>
        <DCC_Define>DEBUG;$(DCC_Define)</DCC_Define>
    </PropertyGroup>
    <PropertyGroup Condition="'$(Cfg_2_Win32)'!=''">
        <BT_BuildType>Debug</BT_BuildType>
        <VerInfo_MajorVer>2</VerInfo_MajorVer>
        <DCC_Hints>false</DCC_Hints>
        <DCC_MapFile>3</DCC_MapFile>
        <DCC_Warnings>false</DCC_Warnings>
        <AppEnableRuntimeThemes>true</AppEnableRuntimeThemes>
        <DCC_Define>PREVENDA;$(DCC_Define)</DCC_Define>
        <VerInfo_AutoGenVersion>false</VerInfo_AutoGenVersion>
        <VerInfo_Keys>CompanyName=;FileVersion=2.1.24.0;InternalName=4;LegalCopyright=;LegalTrademarks=;OriginalFilename=;ProductVersion=2.0.0.0;Comments=;ProgramID=com.embarcadero.$(MSBuildProjectName);FileDescription=$(MSBuildProjectName);ProductName=$(MSBuildProjectName)</VerInfo_Keys>
        <VerInfo_Locale>1033</VerInfo_Locale>
        <VerInfo_Build>0</VerInfo_Build>
        <VerInfo_MinorVer>1</VerInfo_MinorVer>
        <VerInfo_Release>24</VerInfo_Release>
    </PropertyGroup>
    <ItemGroup>
        <DelphiCompile Include="$(MainSource)">
            <MainSource>MainSource</MainSource>
        </DelphiCompile>
        <DCCReference Include="MoPreVenda.pas">
            <Form>FrmPrincipalPreVenda</Form>
        </DCCReference>
        <DCCReference Include="uFuncoesPadrao.pas"/>
        <DCCReference Include="DataModulo.pas">
            <Form>DModulo</Form>
            <DesignClass>TDataModule</DesignClass>
        </DCCReference>
        <DCCReference Include="RelModelo.pas">
            <Form>FrmMdRel</Form>
        </DCCReference>
        <DCCReference Include="RelOrcamento.pas">
            <Form>FrmRelOrcamento</Form>
        </DCCReference>
        <DCCReference Include="cdConsultaProduto.pas">
            <Form>FrmConsultaProduto</Form>
        </DCCReference>
        <DCCReference Include="FrmConsultaEspecificacao.pas">
            <Form>FrmEspecificacao</Form>
        </DCCReference>
        <DCCReference Include="Sobre.pas">
            <Form>frmSobre</Form>
        </DCCReference>
        <DCCReference Include="CancelamentoVenda.pas">
            <Form>FrmCancelamentoVenda</Form>
        </DCCReference>
        <DCCReference Include="Pergunta.pas">
            <Form>FrmPergunta</Form>
        </DCCReference>
        <DCCReference Include="RelOrcamentos.pas">
            <Form>frmRelOrcamentos</Form>
        </DCCReference>
        <DCCReference Include="FormaPag.pas">
            <Form>FrmFormaPag</Form>
        </DCCReference>
        <DCCReference Include="Consulta_Prevenda.pas">
            <Form>Consulta_prevenca</Form>
        </DCCReference>
        <DCCReference Include="FrmCadEstados.pas">
            <Form>FrmMdCadastro</Form>
        </DCCReference>
        <DCCReference Include="CdCliente.pas">
            <Form>FrmCdCliente</Form>
        </DCCReference>
        <DCCReference Include="CdTelefone.pas">
            <Form>FrmCdTelefone</Form>
        </DCCReference>
        <DCCReference Include="CdCreditoCliente.pas">
            <Form>FrmCreditoCliente</Form>
        </DCCReference>
        <DCCReference Include="RelEntSai.pas">
            <Form>FrmRelEntSai</Form>
        </DCCReference>
        <DCCReference Include="RlEntSai.pas">
            <Form>FrmEntSaid</Form>
        </DCCReference>
        <DCCReference Include="FrmSaida.pas">
            <Form>FrmRelSaida</Form>
        </DCCReference>
        <DCCReference Include="frmCredito.pas">
            <Form>FormCredito</Form>
        </DCCReference>
        <DCCReference Include="FrmDesconto.pas">
            <Form>FormDesconto</Form>
        </DCCReference>
        <DCCReference Include="FrmRelContagem.pas">
            <Form>FrmContagem</Form>
        </DCCReference>
        <DCCReference Include="TresEtiquetas.pas">
            <Form>FrmTresEtiquetas</Form>
        </DCCReference>
        <DCCReference Include="AlteraDescricao.pas">
            <Form>FrmDescricao</Form>
        </DCCReference>
        <DCCReference Include="cdCFOP.pas">
            <Form>FrmCFOP</Form>
        </DCCReference>
        <DCCReference Include="Informacao.pas">
            <Form>FrmInfo</Form>
        </DCCReference>
        <DCCReference Include="Thread_Conexao2.pas"/>
        <DCCReference Include="Thread_Conexao3.pas"/>
        <DCCReference Include="Declaracao.pas">
            <Form>frmDeclaracao</Form>
        </DCCReference>
        <DCCReference Include="relDeclaracao.pas">
            <Form>frmRelDeclaracao</Form>
        </DCCReference>
        <DCCReference Include="formBuscaCliente.pas">
            <Form>frmBuscaCliente</Form>
        </DCCReference>
        <DCCReference Include="ListaPedidos.pas">
            <Form>FrmListaPedidos</Form>
        </DCCReference>
        <DCCReference Include="..\..\support\_Atacado_Varejo_2\Thread_Atualizacao.pas"/>
        <DCCReference Include="HD.pas">
            <Form>frmChave</Form>
        </DCCReference>
        <DCCReference Include="imagemAmpliadaProduto.pas">
            <Form>FrmImagemProduto</Form>
            <FormType>dfm</FormType>
        </DCCReference>
        <DCCReference Include="FormCdAmbiente.pas">
            <Form>FrmCdAmbiente</Form>
            <FormType>dfm</FormType>
        </DCCReference>
        <DCCReference Include="relOrcamentosAmbiente.pas">
            <Form>frmRelOrcamentosAmbiente</Form>
            <FormType>dfm</FormType>
        </DCCReference>
        <DCCReference Include="cdConsultaEstoque.pas">
            <Form>FrmCdEstoque</Form>
        </DCCReference>
        <DCCReference Include="..\..\support\_Atacado_Varejo_2\FormRelListaRestante.pas">
            <Form>FrmRelListaRestante</Form>
        </DCCReference>
        <DCCReference Include="..\..\support\_Atacado_Varejo_2\FormRelAlunosLivros.pas">
            <Form>FrmRelAlunosLivros</Form>
        </DCCReference>
        <DCCReference Include="UFrmcadEscola.pas">
            <Form>FrmCadEscola</Form>
        </DCCReference>
        <DCCReference Include="frmComprouJunto.pas">
            <Form>formComprouJunto</Form>
        </DCCReference>
        <DCCReference Include="..\..\support\DOM\DOMProdutoVendidoJunto.pas"/>
        <DCCReference Include="..\..\support\DOM\DOMCliente.pas"/>
        <DCCReference Include="formUltimasVendasDoProdutoAoCliente.pas">
            <Form>frmUltimasVendasDoProdutoAoCliente</Form>
        </DCCReference>
        <DCCReference Include="..\..\support\DOM\DOMVendaDeProduto.pas"/>
        <DCCReference Include="..\..\support\NEG\NEGItemPrevenda.pas"/>
        <DCCReference Include="RelOrcamentoLista.pas">
            <Form>frmRelOrcamentoLista</Form>
        </DCCReference>
        <DCCReference Include="FormRelLivrosFaltamChegar.pas">
            <Form>FrmRelLivrosFaltamChegar</Form>
        </DCCReference>
        <DCCReference Include="UfrmCadLista.pas">
            <Form>FrmCadLista</Form>
        </DCCReference>
        <DCCReference Include="FormConsultaEscolas.pas">
            <Form>FrmConsultaEscolas</Form>
        </DCCReference>
        <DCCReference Include="..\..\support\DAO\DAOGrupo.pas"/>
        <DCCReference Include="PedeSenh.pas">
            <Form>FrmPedeSenha</Form>
            <FormType>dfm</FormType>
        </DCCReference>
        <DCCReference Include="FrmAlteraSenha.pas">
            <Form>FormAlteraSenha</Form>
            <FormType>dfm</FormType>
        </DCCReference>
        <DCCReference Include="FormEtiquetaPontoDasTintas.pas">
            <Form>FrmEtiquetaPontoDasTintas</Form>
            <FormType>dfm</FormType>
        </DCCReference>
        <DCCReference Include="Conferencia.pas">
            <Form>frmConferencia</Form>
            <FormType>dfm</FormType>
        </DCCReference>
        <DCCReference Include="FormLancaVendaPerdida.pas">
            <Form>FrmLancaVendaPerdida</Form>
            <FormType>dfm</FormType>
        </DCCReference>
        <DCCReference Include="ConsultaComposicao.pas">
            <Form>frmConsultaComposicao</Form>
            <FormType>dfm</FormType>
        </DCCReference>
        <DCCReference Include="FormDuasEtiquetas.pas">
            <Form>FrmDuasEtiquetas</Form>
            <FormType>dfm</FormType>
        </DCCReference>
        <DCCReference Include="Rel_Orcamentos.pas">
            <Form>FrmRel_Orcamento</Form>
            <FormType>dfm</FormType>
        </DCCReference>
        <DCCReference Include="Rel_Orcamentos_Novo.dcu.pas">
            <Form>frmRel_Orcamento_Novo</Form>
            <FormType>dfm</FormType>
        </DCCReference>
        <DCCReference Include="FrmTresEtiquetasViva.pas">
            <Form>FormTresEtiquetasViva</Form>
            <FormType>dfm</FormType>
        </DCCReference>
        <DCCReference Include="FrmQuatroEtiquetas.pas">
            <Form>FormQuatroEtiquetas</Form>
            <FormType>dfm</FormType>
        </DCCReference>
        <DCCReference Include="FrmTresEtiquetasRural.pas">
            <Form>FormTresEtiquetasRural</Form>
            <FormType>dfm</FormType>
        </DCCReference>
        <DCCReference Include="RelOrcamentos40.pas">
            <Form>frmRelOrcamentos40</Form>
            <FormType>dfm</FormType>
        </DCCReference>
        <DCCReference Include="..\..\support\_Atacado_Varejo_2\FormRegistroSistema.pas">
            <Form>FrmRegistroSistema</Form>
        </DCCReference>
        <DCCReference Include="..\..\support\_Atacado_Varejo_2\uThreadBlockChave.pas"/>
        <DCCReference Include="..\..\support\_Atacado_Varejo_2\uThreadChaveAcesso.pas"/>
        <DCCReference Include="LucroVenda.pas">
            <Form>frmLucroVenda</Form>
            <FormType>dfm</FormType>
        </DCCReference>
        <DCCReference Include="..\..\support\FORMS\FrmConfImpresNFCe.pas">
            <Form>FormConfImpresNFCe</Form>
        </DCCReference>
        <DCCReference Include="..\..\support\NEG\NEGACBrPosPrint.pas"/>
        <DCCReference Include="unitLogoMaker.pas"/>
        <DCCReference Include="FormInformaDataProduzidoValidade.pas">
            <Form>FrmDataProduzidoValidade</Form>
            <FormType>dfm</FormType>
        </DCCReference>
        <DCCReference Include="AlterProdutoPosAdded.pas">
            <Form>frmAlterProdutoPosAdded</Form>
            <FormType>dfm</FormType>
        </DCCReference>
        <DCCReference Include="SistemaEtiquetas\tags\gondolas\g001\Prevenda.TagsGondola.G001.pas"/>
        <DCCReference Include="SistemaEtiquetas\shared\constants\Prevenda.Constants.App.pas"/>
        <DCCReference Include="SistemaEtiquetas\shared\messages\Prevenda.Messages.SuccessOrError.pas"/>
        <DCCReference Include="SistemaEtiquetas\shared\utils\Prevenda.Utils.ExecutePrint.pas"/>
        <DCCReference Include="SistemaEtiquetas\shared\utils\Prevenda.Utils.TagFileWriter.pas"/>
        <DCCReference Include="SistemaEtiquetas\shared\utils\Prevenda.Utils.FirstImpression.pas"/>
        <DCCReference Include="SistemaEtiquetas\shared\utils\Prevenda.Utils.VerifyTagList.pas"/>
        <DCCReference Include="SistemaEtiquetas\shared\utils\Prevenda.Utils.ConfigurationFileReader.pas"/>
        <DCCReference Include="SistemaEtiquetas\shared\constants\Prevenda.Constants.GondolaG001.pas"/>
        <DCCReference Include="SistemaEtiquetas\shared\helpers\gondolas\g001\Prevenda.Helpers.CalculateGondolaG001DescriptionAxis.pas"/>
        <DCCReference Include="SistemaEtiquetas\shared\helpers\gondolas\g001\Prevenda.Helpers.CalculateGondolaG001UnityAxis.pas"/>
        <DCCReference Include="SistemaEtiquetas\shared\helpers\gondolas\g001\Prevenda.Helpers.CalculateGondolaG001BarcodeAxis.pas"/>
        <DCCReference Include="SistemaEtiquetas\shared\helpers\gondolas\g001\Prevenda.Helpers.CalculateGondolaG001PriceAxis.pas"/>
        <DCCReference Include="SistemaEtiquetas\shared\constants\Prevenda.Constants.GondolaAtacadoVarejo001.pas"/>
        <DCCReference Include="SistemaEtiquetas\shared\constants\Prevenda.Constants.GondolaG003.pas"/>
        <DCCReference Include="SistemaEtiquetas\shared\helpers\gondolas\g003\Prevenda.Helpers.CalculateGondolaG003DescriptionAxis.pas"/>
        <DCCReference Include="SistemaEtiquetas\shared\helpers\gondolas\g003\Prevenda.Helpers.CalculateGondolaG003PriceVarejoAxis.pas"/>
        <DCCReference Include="SistemaEtiquetas\shared\helpers\gondolas\g003\Prevenda.Helpers.CalculateGondolaG003PriceAtacadoAxis.pas"/>
        <DCCReference Include="SistemaEtiquetas\tags\gondolas\g003\Prevenda.TagsGondola.G003.pas"/>
        <DCCReference Include="SistemaEtiquetas\shared\helpers\gondolas\g003\Prevenda.Helpers.CalculateGondolaG003UnityAxis.pas"/>
        <DCCReference Include="SistemaEtiquetas\tags\gondolas\g003\Prevenda.TagsGondola.G003_Header.pas"/>
        <DCCReference Include="SistemaEtiquetas\tags\gondolas\g003\Prevenda.TagsGondola.G003_Body.pas"/>
        <DCCReference Include="SistemaEtiquetas\tags\gondolas\g003\Prevenda.TagsGondola.G003_Footer.pas"/>
        <DCCReference Include="SistemaEtiquetas\tags\gondolas\g001\Prevenda.TagsGondola.G001_Header.pas"/>
        <DCCReference Include="SistemaEtiquetas\tags\gondolas\g001\Prevenda.TagsGondola.G001_Body.pas"/>
        <DCCReference Include="SistemaEtiquetas\tags\gondolas\g001\Prevenda.TagsGondola.G001_Footer.pas"/>
        <DCCReference Include="SistemaEtiquetas\tags\gondolas\g002g003\Prevenda.TagsGondola.AtacadoVarejo001.pas"/>
        <DCCReference Include="SistemaEtiquetas\tags\gondolas\g002g003\Prevenda.TagsGondola.G002G003_Body.pas"/>
        <DCCReference Include="SistemaEtiquetas\tags\gondolas\g002g003\Prevenda.TagsGondola.G002G003_Footer.pas"/>
        <DCCReference Include="SistemaEtiquetas\tags\gondolas\g002g003\Prevenda.TagsGondola.G002G003_Header.pas"/>
        <DCCReference Include="SistemaEtiquetas\shared\helpers\gondolas\atacadoVarejo001\Prevenda.Helpers.CalculateGondolaG002G003DescriptionAxis.pas"/>
        <DCCReference Include="SistemaEtiquetas\shared\helpers\gondolas\atacadoVarejo001\Prevenda.Helpers.CalculateGondolaAtacadoVarejo001PriceVarejoAxis.pas"/>
        <DCCReference Include="SistemaEtiquetas\shared\helpers\gondolas\atacadoVarejo001\Prevenda.Helpers.CalculateGondolaG002G003UnityAxis.pas"/>
        <DCCReference Include="SistemaEtiquetas\shared\helpers\gondolas\atacadoVarejo001\Prevenda.Helpers.CalculateGondolaAtacadoVarejo001PriceAtacadoAxis.pas"/>
        <BuildConfiguration Include="Debug">
            <Key>Cfg_2</Key>
            <CfgParent>Base</CfgParent>
        </BuildConfiguration>
        <BuildConfiguration Include="Base">
            <Key>Base</Key>
        </BuildConfiguration>
        <BuildConfiguration Include="Release">
            <Key>Cfg_1</Key>
            <CfgParent>Base</CfgParent>
        </BuildConfiguration>
    </ItemGroup>
    <ProjectExtensions>
        <Borland.Personality>Delphi.Personality.12</Borland.Personality>
        <Borland.ProjectType/>
        <BorlandProject>
            <Delphi.Personality>
                <Source>
                    <Source Name="MainSource">PreVenda.dpr</Source>
                </Source>
                <VersionInfo>
                    <VersionInfo Name="IncludeVerInfo">True</VersionInfo>
                    <VersionInfo Name="AutoIncBuild">True</VersionInfo>
                    <VersionInfo Name="MajorVer">1</VersionInfo>
                    <VersionInfo Name="MinorVer">0</VersionInfo>
                    <VersionInfo Name="Release">0</VersionInfo>
                    <VersionInfo Name="Build">411</VersionInfo>
                    <VersionInfo Name="Debug">False</VersionInfo>
                    <VersionInfo Name="PreRelease">False</VersionInfo>
                    <VersionInfo Name="Special">False</VersionInfo>
                    <VersionInfo Name="Private">False</VersionInfo>
                    <VersionInfo Name="DLL">False</VersionInfo>
                    <VersionInfo Name="Locale">1046</VersionInfo>
                    <VersionInfo Name="CodePage">1252</VersionInfo>
                </VersionInfo>
                <VersionInfoKeys>
                    <VersionInfoKeys Name="CompanyName"/>
                    <VersionInfoKeys Name="FileDescription"/>
                    <VersionInfoKeys Name="FileVersion">1.0.0.411</VersionInfoKeys>
                    <VersionInfoKeys Name="InternalName">4</VersionInfoKeys>
                    <VersionInfoKeys Name="LegalCopyright"/>
                    <VersionInfoKeys Name="LegalTrademarks"/>
                    <VersionInfoKeys Name="OriginalFilename"/>
                    <VersionInfoKeys Name="ProductName"/>
                    <VersionInfoKeys Name="ProductVersion">1.0.0.0</VersionInfoKeys>
                    <VersionInfoKeys Name="Comments"/>
                </VersionInfoKeys>
                <Excluded_Packages>
                    <Excluded_Packages Name="$(BDSBIN)\dclDataSnapNativeServer260.bpl">Embarcadero DBExpress DataSnap Native Server Components</Excluded_Packages>
                    <Excluded_Packages Name="$(BDSBIN)\dcloffice2k260.bpl">Microsoft Office 2000 Sample Automation Server Wrapper Components</Excluded_Packages>
                    <Excluded_Packages Name="$(BDSBIN)\DataExplorerDBXPluginEnt260.bpl">DBExpress Enterprise Data Explorer Integration</Excluded_Packages>
                    <Excluded_Packages Name="$(BDSBIN)\dclofficexp260.bpl">Microsoft Office XP Sample Automation Server Wrapper Components</Excluded_Packages>
                </Excluded_Packages>
            </Delphi.Personality>
            <Platforms>
                <Platform value="Win32">True</Platform>
            </Platforms>
            <ModelSupport>False</ModelSupport>
            <Deployment Version="3">
                <DeployFile LocalName="C:\Teste\_Atacado_Varejo\PreVenda.exe" Configuration="Debug" Class="ProjectOutput">
                    <Platform Name="Win32">
                        <RemoteName>PreVenda.exe</RemoteName>
                        <Overwrite>true</Overwrite>
                    </Platform>
                </DeployFile>
                <DeployFile LocalName="C:\Teste\_Atacado_Varejo\PreVenda.exe" Configuration="Debug" Class="ProjectOutput"/>
                <DeployClass Name="AdditionalDebugSymbols">
                    <Platform Name="iOSSimulator">
                        <Operation>1</Operation>
                    </Platform>
                    <Platform Name="OSX32">
                        <RemoteDir>Contents\MacOS</RemoteDir>
                        <Operation>1</Operation>
                    </Platform>
                    <Platform Name="Win32">
                        <Operation>0</Operation>
                    </Platform>
                </DeployClass>
                <DeployClass Name="AndroidClassesDexFile">
                    <Platform Name="Android">
                        <RemoteDir>classes</RemoteDir>
                        <Operation>1</Operation>
                    </Platform>
                </DeployClass>
                <DeployClass Name="AndroidFileProvider">
                    <Platform Name="Android">
                        <RemoteDir>res\xml</RemoteDir>
                        <Operation>1</Operation>
                    </Platform>
                </DeployClass>
                <DeployClass Name="AndroidGDBServer">
                    <Platform Name="Android">
                        <RemoteDir>library\lib\armeabi-v7a</RemoteDir>
                        <Operation>1</Operation>
                    </Platform>
                </DeployClass>
                <DeployClass Name="AndroidLibnativeArmeabiFile">
                    <Platform Name="Android">
                        <RemoteDir>library\lib\armeabi</RemoteDir>
                        <Operation>1</Operation>
                    </Platform>
                </DeployClass>
                <DeployClass Name="AndroidLibnativeMipsFile">
                    <Platform Name="Android">
                        <RemoteDir>library\lib\mips</RemoteDir>
                        <Operation>1</Operation>
                    </Platform>
                </DeployClass>
                <DeployClass Name="AndroidServiceOutput">
                    <Platform Name="Android">
                        <RemoteDir>library\lib\armeabi-v7a</RemoteDir>
                        <Operation>1</Operation>
                    </Platform>
                </DeployClass>
                <DeployClass Name="AndroidSplashImageDef">
                    <Platform Name="Android">
                        <RemoteDir>res\drawable</RemoteDir>
                        <Operation>1</Operation>
                    </Platform>
                </DeployClass>
                <DeployClass Name="AndroidSplashStyles">
                    <Platform Name="Android">
                        <RemoteDir>res\values</RemoteDir>
                        <Operation>1</Operation>
                    </Platform>
                </DeployClass>
                <DeployClass Name="AndroidSplashStylesV21">
                    <Platform Name="Android">
                        <RemoteDir>res\values-v21</RemoteDir>
                        <Operation>1</Operation>
                    </Platform>
                </DeployClass>
                <DeployClass Name="Android_DefaultAppIcon">
                    <Platform Name="Android">
                        <RemoteDir>res\drawable</RemoteDir>
                        <Operation>1</Operation>
                    </Platform>
                </DeployClass>
                <DeployClass Name="Android_LauncherIcon144">
                    <Platform Name="Android">
                        <RemoteDir>res\drawable-xxhdpi</RemoteDir>
                        <Operation>1</Operation>
                    </Platform>
                </DeployClass>
                <DeployClass Name="Android_LauncherIcon36">
                    <Platform Name="Android">
                        <RemoteDir>res\drawable-ldpi</RemoteDir>
                        <Operation>1</Operation>
                    </Platform>
                </DeployClass>
                <DeployClass Name="Android_LauncherIcon48">
                    <Platform Name="Android">
                        <RemoteDir>res\drawable-mdpi</RemoteDir>
                        <Operation>1</Operation>
                    </Platform>
                </DeployClass>
                <DeployClass Name="Android_LauncherIcon72">
                    <Platform Name="Android">
                        <RemoteDir>res\drawable-hdpi</RemoteDir>
                        <Operation>1</Operation>
                    </Platform>
                </DeployClass>
                <DeployClass Name="Android_LauncherIcon96">
                    <Platform Name="Android">
                        <RemoteDir>res\drawable-xhdpi</RemoteDir>
                        <Operation>1</Operation>
                    </Platform>
                </DeployClass>
                <DeployClass Name="Android_SplashImage426">
                    <Platform Name="Android">
                        <RemoteDir>res\drawable-small</RemoteDir>
                        <Operation>1</Operation>
                    </Platform>
                </DeployClass>
                <DeployClass Name="Android_SplashImage470">
                    <Platform Name="Android">
                        <RemoteDir>res\drawable-normal</RemoteDir>
                        <Operation>1</Operation>
                    </Platform>
                </DeployClass>
                <DeployClass Name="Android_SplashImage640">
                    <Platform Name="Android">
                        <RemoteDir>res\drawable-large</RemoteDir>
                        <Operation>1</Operation>
                    </Platform>
                </DeployClass>
                <DeployClass Name="Android_SplashImage960">
                    <Platform Name="Android">
                        <RemoteDir>res\drawable-xlarge</RemoteDir>
                        <Operation>1</Operation>
                    </Platform>
                </DeployClass>
                <DeployClass Name="DebugSymbols">
                    <Platform Name="iOSSimulator">
                        <Operation>1</Operation>
                    </Platform>
                    <Platform Name="OSX32">
                        <RemoteDir>Contents\MacOS</RemoteDir>
                        <Operation>1</Operation>
                    </Platform>
                    <Platform Name="Win32">
                        <Operation>0</Operation>
                    </Platform>
                </DeployClass>
                <DeployClass Name="DependencyFramework">
                    <Platform Name="OSX32">
                        <RemoteDir>Contents\MacOS</RemoteDir>
                        <Operation>1</Operation>
                        <Extensions>.framework</Extensions>
                    </Platform>
                    <Platform Name="OSX64">
                        <RemoteDir>Contents\MacOS</RemoteDir>
                        <Operation>1</Operation>
                        <Extensions>.framework</Extensions>
                    </Platform>
                    <Platform Name="Win32">
                        <Operation>0</Operation>
                    </Platform>
                </DeployClass>
                <DeployClass Name="DependencyModule">
                    <Platform Name="iOSDevice32">
                        <Operation>1</Operation>
                        <Extensions>.dylib</Extensions>
                    </Platform>
                    <Platform Name="iOSDevice64">
                        <Operation>1</Operation>
                        <Extensions>.dylib</Extensions>
                    </Platform>
                    <Platform Name="iOSSimulator">
                        <Operation>1</Operation>
                        <Extensions>.dylib</Extensions>
                    </Platform>
                    <Platform Name="OSX32">
                        <RemoteDir>Contents\MacOS</RemoteDir>
                        <Operation>1</Operation>
                        <Extensions>.dylib</Extensions>
                    </Platform>
                    <Platform Name="OSX64">
                        <RemoteDir>Contents\MacOS</RemoteDir>
                        <Operation>1</Operation>
                        <Extensions>.dylib</Extensions>
                    </Platform>
                    <Platform Name="Win32">
                        <Operation>0</Operation>
                        <Extensions>.dll;.bpl</Extensions>
                    </Platform>
                </DeployClass>
                <DeployClass Required="true" Name="DependencyPackage">
                    <Platform Name="iOSDevice32">
                        <Operation>1</Operation>
                        <Extensions>.dylib</Extensions>
                    </Platform>
                    <Platform Name="iOSDevice64">
                        <Operation>1</Operation>
                        <Extensions>.dylib</Extensions>
                    </Platform>
                    <Platform Name="iOSSimulator">
                        <Operation>1</Operation>
                        <Extensions>.dylib</Extensions>
                    </Platform>
                    <Platform Name="OSX32">
                        <RemoteDir>Contents\MacOS</RemoteDir>
                        <Operation>1</Operation>
                        <Extensions>.dylib</Extensions>
                    </Platform>
                    <Platform Name="OSX64">
                        <RemoteDir>Contents\MacOS</RemoteDir>
                        <Operation>1</Operation>
                        <Extensions>.dylib</Extensions>
                    </Platform>
                    <Platform Name="Win32">
                        <Operation>0</Operation>
                        <Extensions>.bpl</Extensions>
                    </Platform>
                </DeployClass>
                <DeployClass Name="File">
                    <Platform Name="Android">
                        <Operation>0</Operation>
                    </Platform>
                    <Platform Name="iOSDevice32">
                        <Operation>0</Operation>
                    </Platform>
                    <Platform Name="iOSDevice64">
                        <Operation>0</Operation>
                    </Platform>
                    <Platform Name="iOSSimulator">
                        <Operation>0</Operation>
                    </Platform>
                    <Platform Name="OSX32">
                        <RemoteDir>Contents\Resources\StartUp\</RemoteDir>
                        <Operation>0</Operation>
                    </Platform>
                    <Platform Name="OSX64">
                        <RemoteDir>Contents\Resources\StartUp\</RemoteDir>
                        <Operation>0</Operation>
                    </Platform>
                    <Platform Name="Win32">
                        <Operation>0</Operation>
                    </Platform>
                </DeployClass>
                <DeployClass Name="iPad_Launch1024">
                    <Platform Name="iOSDevice32">
                        <Operation>1</Operation>
                    </Platform>
                    <Platform Name="iOSDevice64">
                        <Operation>1</Operation>
                    </Platform>
                    <Platform Name="iOSSimulator">
                        <Operation>1</Operation>
                    </Platform>
                </DeployClass>
                <DeployClass Name="iPad_Launch1536">
                    <Platform Name="iOSDevice32">
                        <Operation>1</Operation>
                    </Platform>
                    <Platform Name="iOSDevice64">
                        <Operation>1</Operation>
                    </Platform>
                    <Platform Name="iOSSimulator">
                        <Operation>1</Operation>
                    </Platform>
                </DeployClass>
                <DeployClass Name="iPad_Launch2048">
                    <Platform Name="iOSDevice32">
                        <Operation>1</Operation>
                    </Platform>
                    <Platform Name="iOSDevice64">
                        <Operation>1</Operation>
                    </Platform>
                    <Platform Name="iOSSimulator">
                        <Operation>1</Operation>
                    </Platform>
                </DeployClass>
                <DeployClass Name="iPad_Launch768">
                    <Platform Name="iOSDevice32">
                        <Operation>1</Operation>
                    </Platform>
                    <Platform Name="iOSDevice64">
                        <Operation>1</Operation>
                    </Platform>
                    <Platform Name="iOSSimulator">
                        <Operation>1</Operation>
                    </Platform>
                </DeployClass>
                <DeployClass Name="iPhone_Launch320">
                    <Platform Name="iOSDevice32">
                        <Operation>1</Operation>
                    </Platform>
                    <Platform Name="iOSDevice64">
                        <Operation>1</Operation>
                    </Platform>
                    <Platform Name="iOSSimulator">
                        <Operation>1</Operation>
                    </Platform>
                </DeployClass>
                <DeployClass Name="iPhone_Launch640">
                    <Platform Name="iOSDevice32">
                        <Operation>1</Operation>
                    </Platform>
                    <Platform Name="iOSDevice64">
                        <Operation>1</Operation>
                    </Platform>
                    <Platform Name="iOSSimulator">
                        <Operation>1</Operation>
                    </Platform>
                </DeployClass>
                <DeployClass Name="iPhone_Launch640x1136">
                    <Platform Name="iOSDevice32">
                        <Operation>1</Operation>
                    </Platform>
                    <Platform Name="iOSDevice64">
                        <Operation>1</Operation>
                    </Platform>
                    <Platform Name="iOSSimulator">
                        <Operation>1</Operation>
                    </Platform>
                </DeployClass>
                <DeployClass Name="ProjectAndroidManifest">
                    <Platform Name="Android">
                        <Operation>1</Operation>
                    </Platform>
                </DeployClass>
                <DeployClass Name="ProjectiOSDeviceDebug">
                    <Platform Name="iOSDevice32">
                        <RemoteDir>..\$(PROJECTNAME).app.dSYM\Contents\Resources\DWARF</RemoteDir>
                        <Operation>1</Operation>
                    </Platform>
                    <Platform Name="iOSDevice64">
                        <RemoteDir>..\$(PROJECTNAME).app.dSYM\Contents\Resources\DWARF</RemoteDir>
                        <Operation>1</Operation>
                    </Platform>
                </DeployClass>
                <DeployClass Name="ProjectiOSDeviceResourceRules">
                    <Platform Name="iOSDevice32">
                        <Operation>1</Operation>
                    </Platform>
                    <Platform Name="iOSDevice64">
                        <Operation>1</Operation>
                    </Platform>
                </DeployClass>
                <DeployClass Name="ProjectiOSEntitlements">
                    <Platform Name="iOSDevice32">
                        <RemoteDir>..\</RemoteDir>
                        <Operation>1</Operation>
                    </Platform>
                    <Platform Name="iOSDevice64">
                        <RemoteDir>..\</RemoteDir>
                        <Operation>1</Operation>
                    </Platform>
                </DeployClass>
                <DeployClass Name="ProjectiOSInfoPList">
                    <Platform Name="iOSDevice32">
                        <Operation>1</Operation>
                    </Platform>
                    <Platform Name="iOSDevice64">
                        <Operation>1</Operation>
                    </Platform>
                    <Platform Name="iOSSimulator">
                        <Operation>1</Operation>
                    </Platform>
                </DeployClass>
                <DeployClass Name="ProjectiOSResource">
                    <Platform Name="iOSDevice32">
                        <Operation>1</Operation>
                    </Platform>
                    <Platform Name="iOSDevice64">
                        <Operation>1</Operation>
                    </Platform>
                    <Platform Name="iOSSimulator">
                        <Operation>1</Operation>
                    </Platform>
                </DeployClass>
                <DeployClass Name="ProjectOSXDebug">
                    <Platform Name="OSX64">
                        <RemoteDir>..\$(PROJECTNAME).app.dSYM\Contents\Resources\DWARF</RemoteDir>
                        <Operation>1</Operation>
                    </Platform>
                </DeployClass>
                <DeployClass Name="ProjectOSXEntitlements">
                    <Platform Name="OSX32">
                        <RemoteDir>..\</RemoteDir>
                        <Operation>1</Operation>
                    </Platform>
                    <Platform Name="OSX64">
                        <RemoteDir>..\</RemoteDir>
                        <Operation>1</Operation>
                    </Platform>
                </DeployClass>
                <DeployClass Name="ProjectOSXInfoPList">
                    <Platform Name="OSX32">
                        <RemoteDir>Contents</RemoteDir>
                        <Operation>1</Operation>
                    </Platform>
                    <Platform Name="OSX64">
                        <RemoteDir>Contents</RemoteDir>
                        <Operation>1</Operation>
                    </Platform>
                </DeployClass>
                <DeployClass Name="ProjectOSXResource">
                    <Platform Name="OSX32">
                        <RemoteDir>Contents\Resources</RemoteDir>
                        <Operation>1</Operation>
                    </Platform>
                    <Platform Name="OSX64">
                        <RemoteDir>Contents\Resources</RemoteDir>
                        <Operation>1</Operation>
                    </Platform>
                </DeployClass>
                <DeployClass Required="true" Name="ProjectOutput">
                    <Platform Name="Android">
                        <RemoteDir>library\lib\armeabi-v7a</RemoteDir>
                        <Operation>1</Operation>
                    </Platform>
                    <Platform Name="iOSDevice32">
                        <Operation>1</Operation>
                    </Platform>
                    <Platform Name="iOSDevice64">
                        <Operation>1</Operation>
                    </Platform>
                    <Platform Name="iOSSimulator">
                        <Operation>1</Operation>
                    </Platform>
                    <Platform Name="Linux64">
                        <Operation>1</Operation>
                    </Platform>
                    <Platform Name="OSX32">
                        <RemoteDir>Contents\MacOS</RemoteDir>
                        <Operation>1</Operation>
                    </Platform>
                    <Platform Name="OSX64">
                        <RemoteDir>Contents\MacOS</RemoteDir>
                        <Operation>1</Operation>
                    </Platform>
                    <Platform Name="Win32">
                        <Operation>0</Operation>
                    </Platform>
                </DeployClass>
                <DeployClass Name="ProjectUWPManifest">
                    <Platform Name="Win32">
                        <Operation>1</Operation>
                    </Platform>
                    <Platform Name="Win64">
                        <Operation>1</Operation>
                    </Platform>
                </DeployClass>
                <DeployClass Name="UWP_DelphiLogo150">
                    <Platform Name="Win32">
                        <RemoteDir>Assets</RemoteDir>
                        <Operation>1</Operation>
                    </Platform>
                    <Platform Name="Win64">
                        <RemoteDir>Assets</RemoteDir>
                        <Operation>1</Operation>
                    </Platform>
                </DeployClass>
                <DeployClass Name="UWP_DelphiLogo44">
                    <Platform Name="Win32">
                        <RemoteDir>Assets</RemoteDir>
                        <Operation>1</Operation>
                    </Platform>
                    <Platform Name="Win64">
                        <RemoteDir>Assets</RemoteDir>
                        <Operation>1</Operation>
                    </Platform>
                </DeployClass>
                <ProjectRoot Platform="iOSDevice64" Name="$(PROJECTNAME).app"/>
                <ProjectRoot Platform="Win64" Name="$(PROJECTNAME)"/>
                <ProjectRoot Platform="iOSDevice32" Name="$(PROJECTNAME).app"/>
                <ProjectRoot Platform="Win32" Name="$(PROJECTNAME)"/>
                <ProjectRoot Platform="Linux64" Name="$(PROJECTNAME)"/>
                <ProjectRoot Platform="OSX32" Name="$(PROJECTNAME).app"/>
                <ProjectRoot Platform="Android" Name="$(PROJECTNAME)"/>
                <ProjectRoot Platform="OSX64" Name="$(PROJECTNAME).app"/>
                <ProjectRoot Platform="iOSSimulator" Name="$(PROJECTNAME).app"/>
            </Deployment>
        </BorlandProject>
        <ProjectFileVersion>12</ProjectFileVersion>
    </ProjectExtensions>
    <Import Project="$(BDS)\Bin\CodeGear.Delphi.Targets" Condition="Exists('$(BDS)\Bin\CodeGear.Delphi.Targets')"/>
    <Import Project="$(APPDATA)\Embarcadero\$(BDSAPPDATABASEDIR)\$(PRODUCTVERSION)\UserTools.proj" Condition="Exists('$(APPDATA)\Embarcadero\$(BDSAPPDATABASEDIR)\$(PRODUCTVERSION)\UserTools.proj')"/>
    <Import Project="$(MSBuildProjectName).deployproj" Condition="Exists('$(MSBuildProjectName).deployproj')"/>
</Project>
